// !$*UTF8*$!
{
	archiveVersion = 1;
	classes = {
	};
	objectVersion = 56;
	objects = {

/* Begin PBXBuildFile section */
		692EC5E12976B13D00A2C6C8 /* AssignmentApp.swift in Sources */ = {isa = PBXBuildFile; fileRef = 692EC5E02976B13D00A2C6C8 /* AssignmentApp.swift */; };
		692EC5E32976B13D00A2C6C8 /* ContentView.swift in Sources */ = {isa = PBXBuildFile; fileRef = 692EC5E22976B13D00A2C6C8 /* ContentView.swift */; };
		692EC5E52976B13F00A2C6C8 /* Assets.xcassets in Resources */ = {isa = PBXBuildFile; fileRef = 692EC5E42976B13F00A2C6C8 /* Assets.xcassets */; };
		692EC5E82976B13F00A2C6C8 /* Preview Assets.xcassets in Resources */ = {isa = PBXBuildFile; fileRef = 692EC5E72976B13F00A2C6C8 /* Preview Assets.xcassets */; };
		692EC5F72976B69600A2C6C8 /* LessonRow.swift in Sources */ = {isa = PBXBuildFile; fileRef = 692EC5F62976B69600A2C6C8 /* LessonRow.swift */; };
		692EC5F92976D9AB00A2C6C8 /* Lesson.swift in Sources */ = {isa = PBXBuildFile; fileRef = 692EC5F82976D9AB00A2C6C8 /* Lesson.swift */; };
		692EC5FB2976DB6800A2C6C8 /* LessonsViewModel.swift in Sources */ = {isa = PBXBuildFile; fileRef = 692EC5FA2976DB6800A2C6C8 /* LessonsViewModel.swift */; };
		692EC5FD2976E0FF00A2C6C8 /* LessonList.swift in Sources */ = {isa = PBXBuildFile; fileRef = 692EC5FC2976E0FF00A2C6C8 /* LessonList.swift */; };
		692EC5FF2976EBFB00A2C6C8 /* LessonDetail.swift in Sources */ = {isa = PBXBuildFile; fileRef = 692EC5FE2976EBFB00A2C6C8 /* LessonDetail.swift */; };
		692EC6032977658A00A2C6C8 /* Details.swift in Sources */ = {isa = PBXBuildFile; fileRef = 692EC6022977658A00A2C6C8 /* Details.swift */; };
		692EC608297859F500A2C6C8 /* ImageRetriever.swift in Sources */ = {isa = PBXBuildFile; fileRef = 692EC607297859F500A2C6C8 /* ImageRetriever.swift */; };
		692EC60A29785B1600A2C6C8 /* imageCache.swift in Sources */ = {isa = PBXBuildFile; fileRef = 692EC60929785B1600A2C6C8 /* imageCache.swift */; };
		692EC60C29785CC200A2C6C8 /* CachedImageManager.swift in Sources */ = {isa = PBXBuildFile; fileRef = 692EC60B29785CC200A2C6C8 /* CachedImageManager.swift */; };
		692EC60E29785CFE00A2C6C8 /* AsyncCacheImage.swift in Sources */ = {isa = PBXBuildFile; fileRef = 692EC60D29785CFE00A2C6C8 /* AsyncCacheImage.swift */; };
/* End PBXBuildFile section */

/* Begin PBXFileReference section */
		692EC5DD2976B13D00A2C6C8 /* Assignment.app */ = {isa = PBXFileReference; explicitFileType = wrapper.application; includeInIndex = 0; path = Assignment.app; sourceTree = BUILT_PRODUCTS_DIR; };
		692EC5E02976B13D00A2C6C8 /* AssignmentApp.swift */ = {isa = PBXFileReference; lastKnownFileType = sourcecode.swift; path = AssignmentApp.swift; sourceTree = "<group>"; };
		692EC5E22976B13D00A2C6C8 /* ContentView.swift */ = {isa = PBXFileReference; lastKnownFileType = sourcecode.swift; path = ContentView.swift; sourceTree = "<group>"; };
		692EC5E42976B13F00A2C6C8 /* Assets.xcassets */ = {isa = PBXFileReference; lastKnownFileType = folder.assetcatalog; path = Assets.xcassets; sourceTree = "<group>"; };
		692EC5E72976B13F00A2C6C8 /* Preview Assets.xcassets */ = {isa = PBXFileReference; lastKnownFileType = folder.assetcatalog; path = "Preview Assets.xcassets"; sourceTree = "<group>"; };
		692EC5F62976B69600A2C6C8 /* LessonRow.swift */ = {isa = PBXFileReference; lastKnownFileType = sourcecode.swift; path = LessonRow.swift; sourceTree = "<group>"; };
		692EC5F82976D9AB00A2C6C8 /* Lesson.swift */ = {isa = PBXFileReference; lastKnownFileType = sourcecode.swift; path = Lesson.swift; sourceTree = "<group>"; };
		692EC5FA2976DB6800A2C6C8 /* LessonsViewModel.swift */ = {isa = PBXFileReference; lastKnownFileType = sourcecode.swift; path = LessonsViewModel.swift; sourceTree = "<group>"; };
		692EC5FC2976E0FF00A2C6C8 /* LessonList.swift */ = {isa = PBXFileReference; lastKnownFileType = sourcecode.swift; path = LessonList.swift; sourceTree = "<group>"; };
		692EC5FE2976EBFB00A2C6C8 /* LessonDetail.swift */ = {isa = PBXFileReference; lastKnownFileType = sourcecode.swift; path = LessonDetail.swift; sourceTree = "<group>"; };
		692EC6022977658A00A2C6C8 /* Details.swift */ = {isa = PBXFileReference; lastKnownFileType = sourcecode.swift; path = Details.swift; sourceTree = "<group>"; };
		692EC607297859F500A2C6C8 /* ImageRetriever.swift */ = {isa = PBXFileReference; lastKnownFileType = sourcecode.swift; path = ImageRetriever.swift; sourceTree = "<group>"; };
		692EC60929785B1600A2C6C8 /* imageCache.swift */ = {isa = PBXFileReference; lastKnownFileType = sourcecode.swift; path = imageCache.swift; sourceTree = "<group>"; };
		692EC60B29785CC200A2C6C8 /* CachedImageManager.swift */ = {isa = PBXFileReference; lastKnownFileType = sourcecode.swift; path = CachedImageManager.swift; sourceTree = "<group>"; };
		692EC60D29785CFE00A2C6C8 /* AsyncCacheImage.swift */ = {isa = PBXFileReference; lastKnownFileType = sourcecode.swift; path = AsyncCacheImage.swift; sourceTree = "<group>"; };
/* End PBXFileReference section */

/* Begin PBXFrameworksBuildPhase section */
		692EC5DA2976B13D00A2C6C8 /* Frameworks */ = {
			isa = PBXFrameworksBuildPhase;
			buildActionMask = 2147483647;
			files = (
			);
			runOnlyForDeploymentPostprocessing = 0;
		};
/* End PBXFrameworksBuildPhase section */

/* Begin PBXGroup section */
		692EC5D42976B13D00A2C6C8 = {
			isa = PBXGroup;
			children = (
				692EC5DF2976B13D00A2C6C8 /* Assignment */,
				692EC5DE2976B13D00A2C6C8 /* Products */,
			);
			sourceTree = "<group>";
		};
		692EC5DE2976B13D00A2C6C8 /* Products */ = {
			isa = PBXGroup;
			children = (
				692EC5DD2976B13D00A2C6C8 /* Assignment.app */,
			);
			name = Products;
			sourceTree = "<group>";
		};
		692EC5DF2976B13D00A2C6C8 /* Assignment */ = {
			isa = PBXGroup;
			children = (
				692EC5E02976B13D00A2C6C8 /* AssignmentApp.swift */,
				692EC5F42976B2A700A2C6C8 /* Features */,
				692EC5EE2976B1B200A2C6C8 /* Base */,
				692EC5E42976B13F00A2C6C8 /* Assets.xcassets */,
				692EC5E62976B13F00A2C6C8 /* Preview Content */,
			);
			path = Assignment;
			sourceTree = "<group>";
		};
		692EC5E62976B13F00A2C6C8 /* Preview Content */ = {
			isa = PBXGroup;
			children = (
				692EC5E72976B13F00A2C6C8 /* Preview Assets.xcassets */,
			);
			path = "Preview Content";
			sourceTree = "<group>";
		};
		692EC5EE2976B1B200A2C6C8 /* Base */ = {
			isa = PBXGroup;
			children = (
				692EC606297859D900A2C6C8 /* Cached */,
				692EC5E22976B13D00A2C6C8 /* ContentView.swift */,
			);
			path = Base;
			sourceTree = "<group>";
		};
		692EC5F12976B1E300A2C6C8 /* Views */ = {
			isa = PBXGroup;
			children = (
				692EC5F62976B69600A2C6C8 /* LessonRow.swift */,
				692EC5FC2976E0FF00A2C6C8 /* LessonList.swift */,
				692EC5FE2976EBFB00A2C6C8 /* LessonDetail.swift */,
				692EC6022977658A00A2C6C8 /* Details.swift */,
			);
			path = Views;
			sourceTree = "<group>";
		};
		692EC5F22976B1FB00A2C6C8 /* Model */ = {
			isa = PBXGroup;
			children = (
				692EC5F82976D9AB00A2C6C8 /* Lesson.swift */,
			);
			path = Model;
			sourceTree = "<group>";
		};
		692EC5F32976B20500A2C6C8 /* View model */ = {
			isa = PBXGroup;
			children = (
				692EC5FA2976DB6800A2C6C8 /* LessonsViewModel.swift */,
			);
			path = "View model";
			sourceTree = "<group>";
		};
		692EC5F42976B2A700A2C6C8 /* Features */ = {
			isa = PBXGroup;
			children = (
				692EC5F52976B2B400A2C6C8 /* Lessons */,
			);
			path = Features;
			sourceTree = "<group>";
		};
		692EC5F52976B2B400A2C6C8 /* Lessons */ = {
			isa = PBXGroup;
			children = (
				692EC5F32976B20500A2C6C8 /* View model */,
				692EC5F22976B1FB00A2C6C8 /* Model */,
				692EC5F12976B1E300A2C6C8 /* Views */,
			);
			path = Lessons;
			sourceTree = "<group>";
		};
		692EC606297859D900A2C6C8 /* Cached */ = {
			isa = PBXGroup;
			children = (
				692EC60F2978723900A2C6C8 /* View */,
				692EC607297859F500A2C6C8 /* ImageRetriever.swift */,
				692EC60929785B1600A2C6C8 /* imageCache.swift */,
				692EC60B29785CC200A2C6C8 /* CachedImageManager.swift */,
			);
			path = Cached;
			sourceTree = "<group>";
		};
		692EC60F2978723900A2C6C8 /* View */ = {
			isa = PBXGroup;
			children = (
				692EC60D29785CFE00A2C6C8 /* AsyncCacheImage.swift */,
			);
			path = View;
			sourceTree = "<group>";
		};
/* End PBXGroup section */

/* Begin PBXNativeTarget section */
		692EC5DC2976B13D00A2C6C8 /* Assignment */ = {
			isa = PBXNativeTarget;
			buildConfigurationList = 692EC5EB2976B13F00A2C6C8 /* Build configuration list for PBXNativeTarget "Assignment" */;
			buildPhases = (
				692EC5D92976B13D00A2C6C8 /* Sources */,
				692EC5DA2976B13D00A2C6C8 /* Frameworks */,
				692EC5DB2976B13D00A2C6C8 /* Resources */,
			);
			buildRules = (
			);
			dependencies = (
			);
			name = Assignment;
			productName = Assignment;
			productReference = 692EC5DD2976B13D00A2C6C8 /* Assignment.app */;
			productType = "com.apple.product-type.application";
		};
/* End PBXNativeTarget section */

/* Begin PBXProject section */
		692EC5D52976B13D00A2C6C8 /* Project object */ = {
			isa = PBXProject;
			attributes = {
				BuildIndependentTargetsInParallel = 1;
				LastSwiftUpdateCheck = 1410;
				LastUpgradeCheck = 1410;
				TargetAttributes = {
					692EC5DC2976B13D00A2C6C8 = {
						CreatedOnToolsVersion = 14.1;
					};
				};
			};
			buildConfigurationList = 692EC5D82976B13D00A2C6C8 /* Build configuration list for PBXProject "Assignment" */;
			compatibilityVersion = "Xcode 14.0";
			developmentRegion = en;
			hasScannedForEncodings = 0;
			knownRegions = (
				en,
				Base,
			);
			mainGroup = 692EC5D42976B13D00A2C6C8;
			productRefGroup = 692EC5DE2976B13D00A2C6C8 /* Products */;
			projectDirPath = "";
			projectRoot = "";
			targets = (
				692EC5DC2976B13D00A2C6C8 /* Assignment */,
			);
		};
/* End PBXProject section */

/* Begin PBXResourcesBuildPhase section */
		692EC5DB2976B13D00A2C6C8 /* Resources */ = {
			isa = PBXResourcesBuildPhase;
			buildActionMask = 2147483647;
			files = (
				692EC5E82976B13F00A2C6C8 /* Preview Assets.xcassets in Resources */,
				692EC5E52976B13F00A2C6C8 /* Assets.xcassets in Resources */,
			);
			runOnlyForDeploymentPostprocessing = 0;
		};
/* End PBXResourcesBuildPhase section */

/* Begin PBXSourcesBuildPhase section */
		692EC5D92976B13D00A2C6C8 /* Sources */ = {
			isa = PBXSourcesBuildPhase;
			buildActionMask = 2147483647;
			files = (
				692EC60A29785B1600A2C6C8 /* imageCache.swift in Sources */,
				692EC6032977658A00A2C6C8 /* Details.swift in Sources */,
				692EC5E32976B13D00A2C6C8 /* ContentView.swift in Sources */,
				692EC5E12976B13D00A2C6C8 /* AssignmentApp.swift in Sources */,
				692EC5F72976B69600A2C6C8 /* LessonRow.swift in Sources */,
				692EC5FF2976EBFB00A2C6C8 /* LessonDetail.swift in Sources */,
				692EC608297859F500A2C6C8 /* ImageRetriever.swift in Sources */,
				692EC60C29785CC200A2C6C8 /* CachedImageManager.swift in Sources */,
				692EC5FB2976DB6800A2C6C8 /* LessonsViewModel.swift in Sources */,
				692EC5F92976D9AB00A2C6C8 /* Lesson.swift in Sources */,
				692EC5FD2976E0FF00A2C6C8 /* LessonList.swift in Sources */,
				692EC60E29785CFE00A2C6C8 /* AsyncCacheImage.swift in Sources */,
			);
			runOnlyForDeploymentPostprocessing = 0;
		};
/* End PBXSourcesBuildPhase section */

/* Begin XCBuildConfiguration section */
		692EC5E92976B13F00A2C6C8 /* Debug */ = {
			isa = XCBuildConfiguration;
			buildSettings = {
				ALWAYS_SEARCH_USER_PATHS = NO;
				CLANG_ANALYZER_NONNULL = YES;
				CLANG_ANALYZER_NUMBER_OBJECT_CONVERSION = YES_AGGRESSIVE;
				CLANG_CXX_LANGUAGE_STANDARD = "gnu++20";
				CLANG_ENABLE_MODULES = YES;
				CLANG_ENABLE_OBJC_ARC = YES;
				CLANG_ENABLE_OBJC_WEAK = YES;
				CLANG_WARN_BLOCK_CAPTURE_AUTORELEASING = YES;
				CLANG_WARN_BOOL_CONVERSION = YES;
				CLANG_WARN_COMMA = YES;
				CLANG_WARN_CONSTANT_CONVERSION = YES;
				CLANG_WARN_DEPRECATED_OBJC_IMPLEMENTATIONS = YES;
				CLANG_WARN_DIRECT_OBJC_ISA_USAGE = YES_ERROR;
				CLANG_WARN_DOCUMENTATION_COMMENTS = YES;
				CLANG_WARN_EMPTY_BODY = YES;
				CLANG_WARN_ENUM_CONVERSION = YES;
				CLANG_WARN_INFINITE_RECURSION = YES;
				CLANG_WARN_INT_CONVERSION = YES;
				CLANG_WARN_NON_LITERAL_NULL_CONVERSION = YES;
				CLANG_WARN_OBJC_IMPLICIT_RETAIN_SELF = YES;
				CLANG_WARN_OBJC_LITERAL_CONVERSION = YES;
				CLANG_WARN_OBJC_ROOT_CLASS = YES_ERROR;
				CLANG_WARN_QUOTED_INCLUDE_IN_FRAMEWORK_HEADER = YES;
				CLANG_WARN_RANGE_LOOP_ANALYSIS = YES;
				CLANG_WARN_STRICT_PROTOTYPES = YES;
				CLANG_WARN_SUSPICIOUS_MOVE = YES;
				CLANG_WARN_UNGUARDED_AVAILABILITY = YES_AGGRESSIVE;
				CLANG_WARN_UNREACHABLE_CODE = YES;
				CLANG_WARN__DUPLICATE_METHOD_MATCH = YES;
				COPY_PHASE_STRIP = NO;
				DEBUG_INFORMATION_FORMAT = dwarf;
				ENABLE_STRICT_OBJC_MSGSEND = YES;
				ENABLE_TESTABILITY = YES;
				GCC_C_LANGUAGE_STANDARD = gnu11;
				GCC_DYNAMIC_NO_PIC = NO;
				GCC_NO_COMMON_BLOCKS = YES;
				GCC_OPTIMIZATION_LEVEL = 0;
				GCC_PREPROCESSOR_DEFINITIONS = (
					"DEBUG=1",
					"$(inherited)",
				);
				GCC_WARN_64_TO_32_BIT_CONVERSION = YES;
				GCC_WARN_ABOUT_RETURN_TYPE = YES_ERROR;
				GCC_WARN_UNDECLARED_SELECTOR = YES;
				GCC_WARN_UNINITIALIZED_AUTOS = YES_AGGRESSIVE;
				GCC_WARN_UNUSED_FUNCTION = YES;
				GCC_WARN_UNUSED_VARIABLE = YES;
				IPHONEOS_DEPLOYMENT_TARGET = 16.1;
				MTL_ENABLE_DEBUG_INFO = INCLUDE_SOURCE;
				MTL_FAST_MATH = YES;
				ONLY_ACTIVE_ARCH = YES;
				SDKROOT = iphoneos;
				SWIFT_ACTIVE_COMPILATION_CONDITIONS = DEBUG;
				SWIFT_OPTIMIZATION_LEVEL = "-Onone";
			};
			name = Debug;
		};
		692EC5EA2976B13F00A2C6C8 /* Release */ = {
			isa = XCBuildConfiguration;
			buildSettings = {
				ALWAYS_SEARCH_USER_PATHS = NO;
				CLANG_ANALYZER_NONNULL = YES;
				CLANG_ANALYZER_NUMBER_OBJECT_CONVERSION = YES_AGGRESSIVE;
				CLANG_CXX_LANGUAGE_STANDARD = "gnu++20";
				CLANG_ENABLE_MODULES = YES;
				CLANG_ENABLE_OBJC_ARC = YES;
				CLANG_ENABLE_OBJC_WEAK = YES;
				CLANG_WARN_BLOCK_CAPTURE_AUTORELEASING = YES;
				CLANG_WARN_BOOL_CONVERSION = YES;
				CLANG_WARN_COMMA = YES;
				CLANG_WARN_CONSTANT_CONVERSION = YES;
				CLANG_WARN_DEPRECATED_OBJC_IMPLEMENTATIONS = YES;
				CLANG_WARN_DIRECT_OBJC_ISA_USAGE = YES_ERROR;
				CLANG_WARN_DOCUMENTATION_COMMENTS = YES;
				CLANG_WARN_EMPTY_BODY = YES;
				CLANG_WARN_ENUM_CONVERSION = YES;
				CLANG_WARN_INFINITE_RECURSION = YES;
				CLANG_WARN_INT_CONVERSION = YES;
				CLANG_WARN_NON_LITERAL_NULL_CONVERSION = YES;
				CLANG_WARN_OBJC_IMPLICIT_RETAIN_SELF = YES;
				CLANG_WARN_OBJC_LITERAL_CONVERSION = YES;
				CLANG_WARN_OBJC_ROOT_CLASS = YES_ERROR;
				CLANG_WARN_QUOTED_INCLUDE_IN_FRAMEWORK_HEADER = YES;
				CLANG_WARN_RANGE_LOOP_ANALYSIS = YES;
				CLANG_WARN_STRICT_PROTOTYPES = YES;
				CLANG_WARN_SUSPICIOUS_MOVE = YES;
				CLANG_WARN_UNGUARDED_AVAILABILITY = YES_AGGRESSIVE;
				CLANG_WARN_UNREACHABLE_CODE = YES;
				CLANG_WARN__DUPLICATE_METHOD_MATCH = YES;
				COPY_PHASE_STRIP = NO;
				DEBUG_INFORMATION_FORMAT = "dwarf-with-dsym";
				ENABLE_NS_ASSERTIONS = NO;
				ENABLE_STRICT_OBJC_MSGSEND = YES;
				GCC_C_LANGUAGE_STANDARD = gnu11;
				GCC_NO_COMMON_BLOCKS = YES;
				GCC_WARN_64_TO_32_BIT_CONVERSION = YES;
				GCC_WARN_ABOUT_RETURN_TYPE = YES_ERROR;
				GCC_WARN_UNDECLARED_SELECTOR = YES;
				GCC_WARN_UNINITIALIZED_AUTOS = YES_AGGRESSIVE;
				GCC_WARN_UNUSED_FUNCTION = YES;
				GCC_WARN_UNUSED_VARIABLE = YES;
				IPHONEOS_DEPLOYMENT_TARGET = 16.1;
				MTL_ENABLE_DEBUG_INFO = NO;
				MTL_FAST_MATH = YES;
				SDKROOT = iphoneos;
				SWIFT_COMPILATION_MODE = wholemodule;
				SWIFT_OPTIMIZATION_LEVEL = "-O";
				VALIDATE_PRODUCT = YES;
			};
			name = Release;
		};
		692EC5EC2976B13F00A2C6C8 /* Debug */ = {
			isa = XCBuildConfiguration;
			buildSettings = {
				ASSETCATALOG_COMPILER_APPICON_NAME = AppIcon;
				ASSETCATALOG_COMPILER_GLOBAL_ACCENT_COLOR_NAME = AccentColor;
				CODE_SIGN_STYLE = Automatic;
				CURRENT_PROJECT_VERSION = 1;
				DEVELOPMENT_ASSET_PATHS = "\"Assignment/Preview Content\"";
				DEVELOPMENT_TEAM = R5MP3X9JA2;
				ENABLE_PREVIEWS = YES;
				GENERATE_INFOPLIST_FILE = YES;
				INFOPLIST_KEY_UIApplicationSceneManifest_Generation = YES;
				INFOPLIST_KEY_UIApplicationSupportsIndirectInputEvents = YES;
				INFOPLIST_KEY_UILaunchScreen_Generation = YES;
				INFOPLIST_KEY_UISupportedInterfaceOrientations = UIInterfaceOrientationPortrait;
				LD_RUNPATH_SEARCH_PATHS = (
					"$(inherited)",
					"@executable_path/Frameworks",
				);
				MARKETING_VERSION = 1.0;
				PRODUCT_BUNDLE_IDENTIFIER = io.azamahjr.Assignment;
				PRODUCT_NAME = "$(TARGET_NAME)";
				SWIFT_EMIT_LOC_STRINGS = YES;
				SWIFT_VERSION = 5.0;
				TARGETED_DEVICE_FAMILY = "1,2";
			};
			name = Debug;
		};
		692EC5ED2976B13F00A2C6C8 /* Release */ = {
			isa = XCBuildConfiguration;
			buildSettings = {
				ASSETCATALOG_COMPILER_APPICON_NAME = AppIcon;
				ASSETCATALOG_COMPILER_GLOBAL_ACCENT_COLOR_NAME = AccentColor;
				CODE_SIGN_STYLE = Automatic;
				CURRENT_PROJECT_VERSION = 1;
				DEVELOPMENT_ASSET_PATHS = "\"Assignment/Preview Content\"";
				DEVELOPMENT_TEAM = R5MP3X9JA2;
				ENABLE_PREVIEWS = YES;
				GENERATE_INFOPLIST_FILE = YES;
				INFOPLIST_KEY_UIApplicationSceneManifest_Generation = YES;
				INFOPLIST_KEY_UIApplicationSupportsIndirectInputEvents = YES;
				INFOPLIST_KEY_UILaunchScreen_Generation = YES;
				INFOPLIST_KEY_UISupportedInterfaceOrientations = UIInterfaceOrientationPortrait;
				LD_RUNPATH_SEARCH_PATHS = (
					"$(inherited)",
					"@executable_path/Frameworks",
				);
				MARKETING_VERSION = 1.0;
				PRODUCT_BUNDLE_IDENTIFIER = io.azamahjr.Assignment;
				PRODUCT_NAME = "$(TARGET_NAME)";
				SWIFT_EMIT_LOC_STRINGS = YES;
				SWIFT_VERSION = 5.0;
				TARGETED_DEVICE_FAMILY = "1,2";
			};
			name = Release;
		};
/* End XCBuildConfiguration section */

/* Begin XCConfigurationList section */
		692EC5D82976B13D00A2C6C8 /* Build configuration list for PBXProject "Assignment" */ = {
			isa = XCConfigurationList;
			buildConfigurations = (
				692EC5E92976B13F00A2C6C8 /* Debug */,
				692EC5EA2976B13F00A2C6C8 /* Release */,
			);
			defaultConfigurationIsVisible = 0;
			defaultConfigurationName = Release;
		};
		692EC5EB2976B13F00A2C6C8 /* Build configuration list for PBXNativeTarget "Assignment" */ = {
			isa = XCConfigurationList;
			buildConfigurations = (
				692EC5EC2976B13F00A2C6C8 /* Debug */,
				692EC5ED2976B13F00A2C6C8 /* Release */,
			);
			defaultConfigurationIsVisible = 0;
			defaultConfigurationName = Release;
		};
/* End XCConfigurationList section */
	};
	rootObject = 692EC5D52976B13D00A2C6C8 /* Project object */;
}
